// !$*UTF8*$!
{
	archiveVersion = 1;
	classes = {
	};
	objectVersion = 46;
	objects = {

/* Begin PBXBuildFile section */
		98529B711CA1442B00128EF0 /* main.m in Sources */ = {isa = PBXBuildFile; fileRef = 98529B701CA1442B00128EF0 /* main.m */; };
		98529B741CA1442B00128EF0 /* AppDelegate.m in Sources */ = {isa = PBXBuildFile; fileRef = 98529B731CA1442B00128EF0 /* AppDelegate.m */; };
		98529B771CA1442B00128EF0 /* ViewController.m in Sources */ = {isa = PBXBuildFile; fileRef = 98529B761CA1442B00128EF0 /* ViewController.m */; };
		98529B7A1CA1442B00128EF0 /* Main.storyboard in Resources */ = {isa = PBXBuildFile; fileRef = 98529B781CA1442B00128EF0 /* Main.storyboard */; };
		98529B7C1CA1442B00128EF0 /* Assets.xcassets in Resources */ = {isa = PBXBuildFile; fileRef = 98529B7B1CA1442B00128EF0 /* Assets.xcassets */; };
		98529B7F1CA1442B00128EF0 /* LaunchScreen.storyboard in Resources */ = {isa = PBXBuildFile; fileRef = 98529B7D1CA1442B00128EF0 /* LaunchScreen.storyboard */; };
		98529B8A1CA1442C00128EF0 /* JSUITests.m in Sources */ = {isa = PBXBuildFile; fileRef = 98529B891CA1442C00128EF0 /* JSUITests.m */; };
/* End PBXBuildFile section */

/* Begin PBXContainerItemProxy section */
		98529B861CA1442B00128EF0 /* PBXContainerItemProxy */ = {
			isa = PBXContainerItemProxy;
			containerPortal = 98529B641CA1442B00128EF0 /* Project object */;
			proxyType = 1;
			remoteGlobalIDString = 98529B6B1CA1442B00128EF0;
			remoteInfo = JS;
		};
/* End PBXContainerItemProxy section */

/* Begin PBXFileReference section */
		98529B6C1CA1442B00128EF0 /* JS.app */ = {isa = PBXFileReference; explicitFileType = wrapper.application; includeInIndex = 0; path = JS.app; sourceTree = BUILT_PRODUCTS_DIR; };
		98529B701CA1442B00128EF0 /* main.m */ = {isa = PBXFileReference; lastKnownFileType = sourcecode.c.objc; path = main.m; sourceTree = "<group>"; };
		98529B721CA1442B00128EF0 /* AppDelegate.h */ = {isa = PBXFileReference; lastKnownFileType = sourcecode.c.h; path = AppDelegate.h; sourceTree = "<group>"; };
		98529B731CA1442B00128EF0 /* AppDelegate.m */ = {isa = PBXFileReference; lastKnownFileType = sourcecode.c.objc; path = AppDelegate.m; sourceTree = "<group>"; };
		98529B751CA1442B00128EF0 /* ViewController.h */ = {isa = PBXFileReference; lastKnownFileType = sourcecode.c.h; path = ViewController.h; sourceTree = "<group>"; };
		98529B761CA1442B00128EF0 /* ViewController.m */ = {isa = PBXFileReference; lastKnownFileType = sourcecode.c.objc; path = ViewController.m; sourceTree = "<group>"; };
		98529B791CA1442B00128EF0 /* Base */ = {isa = PBXFileReference; lastKnownFileType = file.storyboard; name = Base; path = Base.lproj/Main.storyboard; sourceTree = "<group>"; };
		98529B7B1CA1442B00128EF0 /* Assets.xcassets */ = {isa = PBXFileReference; lastKnownFileType = folder.assetcatalog; path = Assets.xcassets; sourceTree = "<group>"; };
		98529B7E1CA1442B00128EF0 /* Base */ = {isa = PBXFileReference; lastKnownFileType = file.storyboard; name = Base; path = Base.lproj/LaunchScreen.storyboard; sourceTree = "<group>"; };
		98529B801CA1442B00128EF0 /* Info.plist */ = {isa = PBXFileReference; lastKnownFileType = text.plist.xml; path = Info.plist; sourceTree = "<group>"; };
		98529B851CA1442B00128EF0 /* JSUITests.xctest */ = {isa = PBXFileReference; explicitFileType = wrapper.cfbundle; includeInIndex = 0; path = JSUITests.xctest; sourceTree = BUILT_PRODUCTS_DIR; };
		98529B891CA1442C00128EF0 /* JSUITests.m */ = {isa = PBXFileReference; lastKnownFileType = sourcecode.c.objc; path = JSUITests.m; sourceTree = "<group>"; };
		98529B8B1CA1442C00128EF0 /* Info.plist */ = {isa = PBXFileReference; lastKnownFileType = text.plist.xml; path = Info.plist; sourceTree = "<group>"; };
/* End PBXFileReference section */

/* Begin PBXFrameworksBuildPhase section */
		98529B691CA1442B00128EF0 /* Frameworks */ = {
			isa = PBXFrameworksBuildPhase;
			buildActionMask = 2147483647;
			files = (
			);
			runOnlyForDeploymentPostprocessing = 0;
		};
		98529B821CA1442B00128EF0 /* Frameworks */ = {
			isa = PBXFrameworksBuildPhase;
			buildActionMask = 2147483647;
			files = (
			);
			runOnlyForDeploymentPostprocessing = 0;
		};
/* End PBXFrameworksBuildPhase section */

/* Begin PBXGroup section */
		98529B631CA1442B00128EF0 = {
			isa = PBXGroup;
			children = (
				98529B6E1CA1442B00128EF0 /* JS */,
				98529B881CA1442C00128EF0 /* JSUITests */,
				98529B6D1CA1442B00128EF0 /* Products */,
			);
			sourceTree = "<group>";
		};
		98529B6D1CA1442B00128EF0 /* Products */ = {
			isa = PBXGroup;
			children = (
				98529B6C1CA1442B00128EF0 /* JS.app */,
				98529B851CA1442B00128EF0 /* JSUITests.xctest */,
			);
			name = Products;
			sourceTree = "<group>";
		};
		98529B6E1CA1442B00128EF0 /* JS */ = {
			isa = PBXGroup;
			children = (
				98529B721CA1442B00128EF0 /* AppDelegate.h */,
				98529B731CA1442B00128EF0 /* AppDelegate.m */,
				98529B751CA1442B00128EF0 /* ViewController.h */,
				98529B761CA1442B00128EF0 /* ViewController.m */,
				98529B781CA1442B00128EF0 /* Main.storyboard */,
				98529B7B1CA1442B00128EF0 /* Assets.xcassets */,
				98529B7D1CA1442B00128EF0 /* LaunchScreen.storyboard */,
				98529B801CA1442B00128EF0 /* Info.plist */,
				98529B6F1CA1442B00128EF0 /* Supporting Files */,
			);
			path = JS;
			sourceTree = "<group>";
		};
		98529B6F1CA1442B00128EF0 /* Supporting Files */ = {
			isa = PBXGroup;
			children = (
				98529B701CA1442B00128EF0 /* main.m */,
			);
			name = "Supporting Files";
			sourceTree = "<group>";
		};
		98529B881CA1442C00128EF0 /* JSUITests */ = {
			isa = PBXGroup;
			children = (
				98529B891CA1442C00128EF0 /* JSUITests.m */,
				98529B8B1CA1442C00128EF0 /* Info.plist */,
			);
			path = JSUITests;
			sourceTree = "<group>";
		};
/* End PBXGroup section */

/* Begin PBXNativeTarget section */
		98529B6B1CA1442B00128EF0 /* JS */ = {
			isa = PBXNativeTarget;
			buildConfigurationList = 98529B8E1CA1442C00128EF0 /* Build configuration list for PBXNativeTarget "JS" */;
			buildPhases = (
				98529B681CA1442B00128EF0 /* Sources */,
				98529B691CA1442B00128EF0 /* Frameworks */,
				98529B6A1CA1442B00128EF0 /* Resources */,
			);
			buildRules = (
			);
			dependencies = (
			);
			name = JS;
			productName = JS;
			productReference = 98529B6C1CA1442B00128EF0 /* JS.app */;
			productType = "com.apple.product-type.application";
		};
		98529B841CA1442B00128EF0 /* JSUITests */ = {
			isa = PBXNativeTarget;
			buildConfigurationList = 98529B911CA1442C00128EF0 /* Build configuration list for PBXNativeTarget "JSUITests" */;
			buildPhases = (
				98529B811CA1442B00128EF0 /* Sources */,
				98529B821CA1442B00128EF0 /* Frameworks */,
				98529B831CA1442B00128EF0 /* Resources */,
			);
			buildRules = (
			);
			dependencies = (
				98529B871CA1442B00128EF0 /* PBXTargetDependency */,
			);
			name = JSUITests;
			productName = JSUITests;
			productReference = 98529B851CA1442B00128EF0 /* JSUITests.xctest */;
			productType = "com.apple.product-type.bundle.ui-testing";
		};
/* End PBXNativeTarget section */

/* Begin PBXProject section */
		98529B641CA1442B00128EF0 /* Project object */ = {
			isa = PBXProject;
			attributes = {
				LastUpgradeCheck = 0720;
				ORGANIZATIONNAME = zhM;
				TargetAttributes = {
					98529B6B1CA1442B00128EF0 = {
						CreatedOnToolsVersion = 7.2;
					};
					98529B841CA1442B00128EF0 = {
						CreatedOnToolsVersion = 7.2;
						TestTargetID = 98529B6B1CA1442B00128EF0;
					};
				};
			};
			buildConfigurationList = 98529B671CA1442B00128EF0 /* Build configuration list for PBXProject "JS" */;
			compatibilityVersion = "Xcode 3.2";
			developmentRegion = English;
			hasScannedForEncodings = 0;
			knownRegions = (
				en,
				Base,
			);
			mainGroup = 98529B631CA1442B00128EF0;
			productRefGroup = 98529B6D1CA1442B00128EF0 /* Products */;
			projectDirPath = "";
			projectRoot = "";
			targets = (
				98529B6B1CA1442B00128EF0 /* JS */,
				98529B841CA1442B00128EF0 /* JSUITests */,
			);
		};
/* End PBXProject section */

/* Begin PBXResourcesBuildPhase section */
		98529B6A1CA1442B00128EF0 /* Resources */ = {
			isa = PBXResourcesBuildPhase;
			buildActionMask = 2147483647;
			files = (
				98529B7F1CA1442B00128EF0 /* LaunchScreen.storyboard in Resources */,
				98529B7C1CA1442B00128EF0 /* Assets.xcassets in Resources */,
				98529B7A1CA1442B00128EF0 /* Main.storyboard in Resources */,
			);
			runOnlyForDeploymentPostprocessing = 0;
		};
		98529B831CA1442B00128EF0 /* Resources */ = {
			isa = PBXResourcesBuildPhase;
			buildActionMask = 2147483647;
			files = (
			);
			runOnlyForDeploymentPostprocessing = 0;
		};
/* End PBXResourcesBuildPhase section */

/* Begin PBXSourcesBuildPhase section */
		98529B681CA1442B00128EF0 /* Sources */ = {
			isa = PBXSourcesBuildPhase;
			buildActionMask = 2147483647;
			files = (
				98529B771CA1442B00128EF0 /* ViewController.m in Sources */,
				98529B741CA1442B00128EF0 /* AppDelegate.m in Sources */,
				98529B711CA1442B00128EF0 /* main.m in Sources */,
			);
			runOnlyForDeploymentPostprocessing = 0;
		};
		98529B811CA1442B00128EF0 /* Sources */ = {
			isa = PBXSourcesBuildPhase;
			buildActionMask = 2147483647;
			files = (
				98529B8A1CA1442C00128EF0 /* JSUITests.m in Sources */,
			);
			runOnlyForDeploymentPostprocessing = 0;
		};
/* End PBXSourcesBuildPhase section */

/* Begin PBXTargetDependency section */
		98529B871CA1442B00128EF0 /* PBXTargetDependency */ = {
			isa = PBXTargetDependency;
			target = 98529B6B1CA1442B00128EF0 /* JS */;
			targetProxy = 98529B861CA1442B00128EF0 /* PBXContainerItemProxy */;
		};
/* End PBXTargetDependency section */

/* Begin PBXVariantGroup section */
		98529B781CA1442B00128EF0 /* Main.storyboard */ = {
			isa = PBXVariantGroup;
			children = (
				98529B791CA1442B00128EF0 /* Base */,
			);
			name = Main.storyboard;
			sourceTree = "<group>";
		};
		98529B7D1CA1442B00128EF0 /* LaunchScreen.storyboard */ = {
			isa = PBXVariantGroup;
			children = (
				98529B7E1CA1442B00128EF0 /* Base */,
			);
			name = LaunchScreen.storyboard;
			sourceTree = "<group>";
		};
/* End PBXVariantGroup section */

/* Begin XCBuildConfiguration section */
		98529B8C1CA1442C00128EF0 /* Debug */ = {
			isa = XCBuildConfiguration;
			buildSettings = {
				ALWAYS_SEARCH_USER_PATHS = NO;
				CLANG_CXX_LANGUAGE_STANDARD = "gnu++0x";
				CLANG_CXX_LIBRARY = "libc++";
				CLANG_ENABLE_MODULES = YES;
				CLANG_ENABLE_OBJC_ARC = YES;
				CLANG_WARN_BOOL_CONVERSION = YES;
				CLANG_WARN_CONSTANT_CONVERSION = YES;
				CLANG_WARN_DIRECT_OBJC_ISA_USAGE = YES_ERROR;
				CLANG_WARN_EMPTY_BODY = YES;
				CLANG_WARN_ENUM_CONVERSION = YES;
				CLANG_WARN_INT_CONVERSION = YES;
				CLANG_WARN_OBJC_ROOT_CLASS = YES_ERROR;
				CLANG_WARN_UNREACHABLE_CODE = YES;
				CLANG_WARN__DUPLICATE_METHOD_MATCH = YES;
				"CODE_SIGN_IDENTITY[sdk=iphoneos*]" = "iPhone Developer";
				COPY_PHASE_STRIP = NO;
				DEBUG_INFORMATION_FORMAT = dwarf;
				ENABLE_STRICT_OBJC_MSGSEND = YES;
				ENABLE_TESTABILITY = YES;
				GCC_C_LANGUAGE_STANDARD = gnu99;
				GCC_DYNAMIC_NO_PIC = NO;
				GCC_NO_COMMON_BLOCKS = YES;
				GCC_OPTIMIZATION_LEVEL = 0;
				GCC_PREPROCESSOR_DEFINITIONS = (
					"DEBUG=1",
					"$(inherited)",
				);
				GCC_WARN_64_TO_32_BIT_CONVERSION = YES;
				GCC_WARN_ABOUT_RETURN_TYPE = YES_ERROR;
				GCC_WARN_UNDECLARED_SELECTOR = YES;
				GCC_WARN_UNINITIALIZED_AUTOS = YES_AGGRESSIVE;
				GCC_WARN_UNUSED_FUNCTION = YES;
				GCC_WARN_UNUSED_VARIABLE = YES;
				IPHONEOS_DEPLOYMENT_TARGET = 9.2;
				MTL_ENABLE_DEBUG_INFO = YES;
				ONLY_ACTIVE_ARCH = YES;
				SDKROOT = iphoneos;
				TARGETED_DEVICE_FAMILY = "1,2";
			};
			name = Debug;
		};
		98529B8D1CA1442C00128EF0 /* Release */ = {
			isa = XCBuildConfiguration;
			buildSettings = {
				ALWAYS_SEARCH_USER_PATHS = NO;
				CLANG_CXX_LANGUAGE_STANDARD = "gnu++0x";
				CLANG_CXX_LIBRARY = "libc++";
				CLANG_ENABLE_MODULES = YES;
				CLANG_ENABLE_OBJC_ARC = YES;
				CLANG_WARN_BOOL_CONVERSION = YES;
				CLANG_WARN_CONSTANT_CONVERSION = YES;
				CLANG_WARN_DIRECT_OBJC_ISA_USAGE = YES_ERROR;
				CLANG_WARN_EMPTY_BODY = YES;
				CLANG_WARN_ENUM_CONVERSION = YES;
				CLANG_WARN_INT_CONVERSION = YES;
				CLANG_WARN_OBJC_ROOT_CLASS = YES_ERROR;
				CLANG_WARN_UNREACHABLE_CODE = YES;
				CLANG_WARN__DUPLICATE_METHOD_MATCH = YES;
				"CODE_SIGN_IDENTITY[sdk=iphoneos*]" = "iPhone Developer";
				COPY_PHASE_STRIP = NO;
				DEBUG_INFORMATION_FORMAT = "dwarf-with-dsym";
				ENABLE_NS_ASSERTIONS = NO;
				ENABLE_STRICT_OBJC_MSGSEND = YES;
				GCC_C_LANGUAGE_STANDARD = gnu99;
				GCC_NO_COMMON_BLOCKS = YES;
				GCC_WARN_64_TO_32_BIT_CONVERSION = YES;
				GCC_WARN_ABOUT_RETURN_TYPE = YES_ERROR;
				GCC_WARN_UNDECLARED_SELECTOR = YES;
				GCC_WARN_UNINITIALIZED_AUTOS = YES_AGGRESSIVE;
				GCC_WARN_UNUSED_FUNCTION = YES;
				GCC_WARN_UNUSED_VARIABLE = YES;
				IPHONEOS_DEPLOYMENT_TARGET = 9.2;
				MTL_ENABLE_DEBUG_INFO = NO;
				SDKROOT = iphoneos;
				TARGETED_DEVICE_FAMILY = "1,2";
				VALIDATE_PRODUCT = YES;
			};
			name = Release;
		};
		98529B8F1CA1442C00128EF0 /* Debug */ = {
			isa = XCBuildConfiguration;
			buildSettings = {
				ASSETCATALOG_COMPILER_APPICON_NAME = AppIcon;
				INFOPLIST_FILE = JS/Info.plist;
				LD_RUNPATH_SEARCH_PATHS = "$(inherited) @executable_path/Frameworks";
				PRODUCT_BUNDLE_IDENTIFIER = zhM.JS;
				PRODUCT_NAME = "$(TARGET_NAME)";
			};
			name = Debug;
		};
		98529B901CA1442C00128EF0 /* Release */ = {
			isa = XCBuildConfiguration;
			buildSettings = {
				ASSETCATALOG_COMPILER_APPICON_NAME = AppIcon;
				INFOPLIST_FILE = JS/Info.plist;
				LD_RUNPATH_SEARCH_PATHS = "$(inherited) @executable_path/Frameworks";
				PRODUCT_BUNDLE_IDENTIFIER = zhM.JS;
				PRODUCT_NAME = "$(TARGET_NAME)";
			};
			name = Release;
		};
		98529B921CA1442C00128EF0 /* Debug */ = {
			isa = XCBuildConfiguration;
			buildSettings = {
				INFOPLIST_FILE = JSUITests/Info.plist;
				LD_RUNPATH_SEARCH_PATHS = "$(inherited) @executable_path/Frameworks @loader_path/Frameworks";
				PRODUCT_BUNDLE_IDENTIFIER = zhM.JSUITests;
				PRODUCT_NAME = "$(TARGET_NAME)";
				TEST_TARGET_NAME = JS;
				USES_XCTRUNNER = YES;
			};
			name = Debug;
		};
		98529B931CA1442C00128EF0 /* Release */ = {
			isa = XCBuildConfiguration;
			buildSettings = {
				INFOPLIST_FILE = JSUITests/Info.plist;
				LD_RUNPATH_SEARCH_PATHS = "$(inherited) @executable_path/Frameworks @loader_path/Frameworks";
				PRODUCT_BUNDLE_IDENTIFIER = zhM.JSUITests;
				PRODUCT_NAME = "$(TARGET_NAME)";
				TEST_TARGET_NAME = JS;
				USES_XCTRUNNER = YES;
			};
			name = Release;
		};
/* End XCBuildConfiguration section */

/* Begin XCConfigurationList section */
		98529B671CA1442B00128EF0 /* Build configuration list for PBXProject "JS" */ = {
			isa = XCConfigurationList;
			buildConfigurations = (
				98529B8C1CA1442C00128EF0 /* Debug */,
				98529B8D1CA1442C00128EF0 /* Release */,
			);
			defaultConfigurationIsVisible = 0;
			defaultConfigurationName = Release;
		};
		98529B8E1CA1442C00128EF0 /* Build configuration list for PBXNativeTarget "JS" */ = {
			isa = XCConfigurationList;
			buildConfigurations = (
				98529B8F1CA1442C00128EF0 /* Debug */,
				98529B901CA1442C00128EF0 /* Release */,
			);
			defaultConfigurationIsVisible = 0;
		};
		98529B911CA1442C00128EF0 /* Build configuration list for PBXNativeTarget "JSUITests" */ = {
			isa = XCConfigurationList;
			buildConfigurations = (
				98529B921CA1442C00128EF0 /* Debug */,
				98529B931CA1442C00128EF0 /* Release */,
			);
			defaultConfigurationIsVisible = 0;
		};
/* End XCConfigurationList section */
	};
	rootObject = 98529B641CA1442B00128EF0 /* Project object */;
}
